
Microsoft Visual Studio Solution File, Format Version 12.00
# Visual Studio Version 16
VisualStudioVersion = 16.0.29503.13
MinimumVisualStudioVersion = 10.0.40219.1
Project("{FAE04EC0-301F-11D3-BF4B-00C04F79EFBC}") = "FrameworkExe", "FrameworkExe\FrameworkExe.csproj", "{8B10545A-D690-478D-A1FB-AC070938136D}"
EndProject
Project("{FAE04EC0-301F-11D3-BF4B-00C04F79EFBC}") = "Library", "Library\Library.csproj", "{CD3518D2-4026-45E9-A295-64ADBAA39F2B}"
EndProject
Project("{FAE04EC0-301F-11D3-BF4B-00C04F79EFBC}") = "CoreExe", "CoreExe\CoreExe.csproj", "{8D0F69D1-AB50-4C0A-8929-3A786B6D78ED}"
EndProject
Global
	GlobalSection(SolutionConfigurationPlatforms) = preSolution
		Debug|Any CPU = Debug|Any CPU
		Release|Any CPU = Release|Any CPU
	EndGlobalSection
	GlobalSection(ProjectConfigurationPlatforms) = postSolution
		{8B10545A-D690-478D-A1FB-AC070938136D}.Debug|Any CPU.ActiveCfg = Debug|Any CPU
		{8B10545A-D690-478D-A1FB-AC070938136D}.Debug|Any CPU.Build.0 = Debug|Any CPU
		{8B10545A-D690-478D-A1FB-AC070938136D}.Release|Any CPU.ActiveCfg = Release|Any CPU
		{8B10545A-D690-478D-A1FB-AC070938136D}.Release|Any CPU.Build.0 = Release|Any CPU
		{CD3518D2-4026-45E9-A295-64ADBAA39F2B}.Debug|Any CPU.ActiveCfg = Debug|Any CPU
		{CD3518D2-4026-45E9-A295-64ADBAA39F2B}.Debug|Any CPU.Build.0 = Debug|Any CPU
		{CD3518D2-4026-45E9-A295-64ADBAA39F2B}.Release|Any CPU.ActiveCfg = Release|Any CPU
		{CD3518D2-4026-45E9-A295-64ADBAA39F2B}.Release|Any CPU.Build.0 = Release|Any CPU
		{8D0F69D1-AB50-4C0A-8929-3A786B6D78ED}.Debug|Any CPU.ActiveCfg = Debug|Any CPU
		{8D0F69D1-AB50-4C0A-8929-3A786B6D78ED}.Debug|Any CPU.Build.0 = Debug|Any CPU
		{8D0F69D1-AB50-4C0A-8929-3A786B6D78ED}.Release|Any CPU.ActiveCfg = Release|Any CPU
		{8D0F69D1-AB50-4C0A-8929-3A786B6D78ED}.Release|Any CPU.Build.0 = Release|Any CPU
	EndGlobalSection
	GlobalSection(SolutionProperties) = preSolution
		HideSolutionNode = FALSE
	EndGlobalSection
	GlobalSection(ExtensibilityGlobals) = postSolution
		SolutionGuid = {93BB0368-931C-4B35-BE7B-35A28396FBCF}
	EndGlobalSection
EndGlobal
